
Microsoft Visual Studio Solution File, Format Version 12.00
# Visual Studio Version 17
VisualStudioVersion = 17.4.33213.308
MinimumVisualStudioVersion = 10.0.40219.1
Project("{9A19103F-16F7-4668-BE54-9A1E7A4F7556}") = "FoodDiary", "FoodDiary.csproj", "{735DEDCA-4F67-48E4-AFFA-11C5E0A4EDB8}"
EndProject
Project("{9A19103F-16F7-4668-BE54-9A1E7A4F7556}") = "FoodDiaryTests", "..\FoodDiaryTests\FoodDiaryTests.csproj", "{0B075E95-1310-41DF-9318-1A9A4C1EFFD3}"
EndProject
Global
	GlobalSection(SolutionConfigurationPlatforms) = preSolution
		Debug|Any CPU = Debug|Any CPU
		Release|Any CPU = Release|Any CPU
	EndGlobalSection
	GlobalSection(ProjectConfigurationPlatforms) = postSolution
		{735DEDCA-4F67-48E4-AFFA-11C5E0A4EDB8}.Debug|Any CPU.ActiveCfg = Debug|Any CPU
		{735DEDCA-4F67-48E4-AFFA-11C5E0A4EDB8}.Debug|Any CPU.Build.0 = Debug|Any CPU
		{735DEDCA-4F67-48E4-AFFA-11C5E0A4EDB8}.Release|Any CPU.ActiveCfg = Release|Any CPU
		{735DEDCA-4F67-48E4-AFFA-11C5E0A4EDB8}.Release|Any CPU.Build.0 = Release|Any CPU
		{0B075E95-1310-41DF-9318-1A9A4C1EFFD3}.Debug|Any CPU.ActiveCfg = Debug|Any CPU
		{0B075E95-1310-41DF-9318-1A9A4C1EFFD3}.Debug|Any CPU.Build.0 = Debug|Any CPU
		{0B075E95-1310-41DF-9318-1A9A4C1EFFD3}.Release|Any CPU.ActiveCfg = Release|Any CPU
		{0B075E95-1310-41DF-9318-1A9A4C1EFFD3}.Release|Any CPU.Build.0 = Release|Any CPU
	EndGlobalSection
	GlobalSection(SolutionProperties) = preSolution
		HideSolutionNode = FALSE
	EndGlobalSection
	GlobalSection(ExtensibilityGlobals) = postSolution
		SolutionGuid = {776D61FF-C112-4655-9522-4FB371E35D37}
	EndGlobalSection
EndGlobal
